
Microsoft Visual Studio Solution File, Format Version 12.00
# Visual Studio 15
VisualStudioVersion = 15.0.26730.16
MinimumVisualStudioVersion = 10.0.40219.1
Project("{9A19103F-16F7-4668-BE54-9A1E7A4F7556}") = "FizzBuzzKata", "FizzBuzzer\FizzBuzzKata.csproj", "{56D0C1D2-E6F4-4ACE-9B43-D348650E4CCD}"
EndProject
Project("{FAE04EC0-301F-11D3-BF4B-00C04F79EFBC}") = "FizzBuzzKata.Tests", "FizzBuzzKata.Tests\FizzBuzzKata.Tests.csproj", "{3F33F5BC-0637-43FC-B23D-0B998176E74C}"
EndProject
Global
	GlobalSection(SolutionConfigurationPlatforms) = preSolution
		Debug|Any CPU = Debug|Any CPU
		Release|Any CPU = Release|Any CPU
	EndGlobalSection
	GlobalSection(ProjectConfigurationPlatforms) = postSolution
		{56D0C1D2-E6F4-4ACE-9B43-D348650E4CCD}.Debug|Any CPU.ActiveCfg = Debug|Any CPU
		{56D0C1D2-E6F4-4ACE-9B43-D348650E4CCD}.Debug|Any CPU.Build.0 = Debug|Any CPU
		{56D0C1D2-E6F4-4ACE-9B43-D348650E4CCD}.Release|Any CPU.ActiveCfg = Release|Any CPU
		{56D0C1D2-E6F4-4ACE-9B43-D348650E4CCD}.Release|Any CPU.Build.0 = Release|Any CPU
		{3F33F5BC-0637-43FC-B23D-0B998176E74C}.Debug|Any CPU.ActiveCfg = Debug|Any CPU
		{3F33F5BC-0637-43FC-B23D-0B998176E74C}.Debug|Any CPU.Build.0 = Debug|Any CPU
		{3F33F5BC-0637-43FC-B23D-0B998176E74C}.Release|Any CPU.ActiveCfg = Release|Any CPU
		{3F33F5BC-0637-43FC-B23D-0B998176E74C}.Release|Any CPU.Build.0 = Release|Any CPU
	EndGlobalSection
	GlobalSection(SolutionProperties) = preSolution
		HideSolutionNode = FALSE
	EndGlobalSection
	GlobalSection(ExtensibilityGlobals) = postSolution
		SolutionGuid = {DAF1DD5C-B576-4F36-84FD-814734DB25C7}
	EndGlobalSection
EndGlobal
